<?xml version="1.0" encoding="utf-8"?>
<Project ToolsVersion="4.0" xmlns="http://schemas.microsoft.com/developer/msbuild/2003">
  <ItemGroup>
    <Filter Include="Classes">
      <UniqueIdentifier>{4FC737F1-C7A5-4376-A066-2A32D752A2FF}</UniqueIdentifier>
      <Extensions>cpp;c;cc;cxx;def;odl;idl;hpj;bat;asm;asmx</Extensions>
    </Filter>
    <Filter Include="win32">
      <UniqueIdentifier>{93995380-89BD-4b04-88EB-625FBE52EBFB}</UniqueIdentifier>
      <Extensions>h;hpp;hxx;hm;inl;inc;xsd</Extensions>
    </Filter>
    <Filter Include="Classes\mini_hammer_Adapt">
      <UniqueIdentifier>{d7cd1ba1-1edc-4036-a2f4-6b136d9109de}</UniqueIdentifier>
    </Filter>
    <Filter Include="Classes\mini_hammer_Adapt\Common">
      <UniqueIdentifier>{d366b080-4312-4d2f-b384-d84a66800ea3}</UniqueIdentifier>
    </Filter>
    <Filter Include="Classes\mini_hammer_Adapt\Common\Game">
      <UniqueIdentifier>{65ce2ccf-b5a0-46a9-8629-96f7efdd6641}</UniqueIdentifier>
    </Filter>
    <Filter Include="Classes\mini_hammer_Adapt\Common\Time">
      <UniqueIdentifier>{575ca25f-ea07-416d-bc1d-12f0dbd58347}</UniqueIdentifier>
    </Filter>
    <Filter Include="Classes\mini_hammer_Adapt\Common\Triggers">
      <UniqueIdentifier>{955d83c4-937e-46a1-b557-1d3c44597dbd}</UniqueIdentifier>
    </Filter>
    <Filter Include="Classes\mini_hammer_Adapt\Common\misc">
      <UniqueIdentifier>{11b4cd11-582c-4ee1-aa6e-b2b20b0434e2}</UniqueIdentifier>
    </Filter>
  </ItemGroup>
  <ItemGroup>
    <ClCompile Include="..\Classes\AppDelegate.cpp">
      <Filter>Classes</Filter>
    </ClCompile>
    <ClCompile Include="main.cpp">
      <Filter>win32</Filter>
    </ClCompile>
    <ClCompile Include="..\..\..\..\..\mini_hammer\Common\Game\GameWorld.cpp">
      <Filter>Classes\mini_hammer_Adapt</Filter>
    </ClCompile>
    <ClCompile Include="..\..\..\..\..\mini_hammer\Common\Game\BaseEntity.cpp">
      <Filter>Classes\mini_hammer_Adapt\Common\Game</Filter>
    </ClCompile>
    <ClCompile Include="..\..\..\..\..\mini_hammer\Common\Game\MovingEntity.cpp">
      <Filter>Classes\mini_hammer_Adapt\Common\Game</Filter>
    </ClCompile>
    <ClCompile Include="..\..\..\..\..\mini_hammer\Common\Game\Vehicle.cpp">
      <Filter>Classes\mini_hammer_Adapt\Common\Game</Filter>
    </ClCompile>
    <ClCompile Include="..\..\..\..\..\mini_hammer\Common\Triggers\Trigger_HealthGiver.cpp">
      <Filter>Classes\mini_hammer_Adapt\Common\Triggers</Filter>
    </ClCompile>
    <ClCompile Include="..\..\..\..\..\mini_hammer\Common\Triggers\TriggerSystem.cpp">
      <Filter>Classes\mini_hammer_Adapt\Common\Triggers</Filter>
    </ClCompile>
    <ClCompile Include="..\..\..\..\..\mini_hammer\Common\Time\Regulator.cpp">
      <Filter>Classes\mini_hammer_Adapt\Common\Time</Filter>
    </ClCompile>
    <ClCompile Include="..\..\..\..\..\mini_hammer\Common\GlobalVar.cpp">
      <Filter>Classes\mini_hammer_Adapt\Common</Filter>
    </ClCompile>
    <ClCompile Include="..\..\..\..\..\mini_hammer\Common\misc\Cgdi.cpp">
      <Filter>Classes\mini_hammer_Adapt\Common\misc</Filter>
    </ClCompile>
    <ClCompile Include="..\..\..\..\..\mini_hammer\Common\misc\FrameCounter.cpp">
      <Filter>Classes\mini_hammer_Adapt\Common\misc</Filter>
    </ClCompile>
    <ClCompile Include="..\..\..\..\..\mini_hammer\Common\misc\iniFileLoaderBase.cpp">
      <Filter>Classes\mini_hammer_Adapt\Common\misc</Filter>
    </ClCompile>
    <ClCompile Include="..\..\..\..\..\mini_hammer\Common\misc\WindowUtils.cpp">
      <Filter>Classes\mini_hammer_Adapt\Common\misc</Filter>
    </ClCompile>
    <ClCompile Include="..\Classes\GameLayer.cpp">
      <Filter>Classes</Filter>
    </ClCompile>
  </ItemGroup>
  <ItemGroup>
    <ClInclude Include="..\Classes\AppDelegate.h">
      <Filter>Classes</Filter>
    </ClInclude>
    <ClInclude Include="main.h">
      <Filter>win32</Filter>
    </ClInclude>
    <ClInclude Include="..\Classes\AppMacros.h">
      <Filter>Classes</Filter>
    </ClInclude>
    <ClInclude Include="..\..\..\..\..\mini_hammer\Common\Game\GameWorld.h">
      <Filter>Classes\mini_hammer_Adapt</Filter>
    </ClInclude>
    <ClInclude Include="..\..\..\..\..\mini_hammer\Common\Game\BaseEntity.h">
      <Filter>Classes\mini_hammer_Adapt\Common\Game</Filter>
    </ClInclude>
    <ClInclude Include="..\..\..\..\..\mini_hammer\Common\Game\MovingEntity.h">
      <Filter>Classes\mini_hammer_Adapt\Common\Game</Filter>
    </ClInclude>
    <ClInclude Include="..\..\..\..\..\mini_hammer\Common\Game\Vehicle.h">
      <Filter>Classes\mini_hammer_Adapt\Common\Game</Filter>
    </ClInclude>
    <ClInclude Include="..\..\..\..\..\mini_hammer\Common\Triggers\Trigger.h">
      <Filter>Classes\mini_hammer_Adapt\Common\Triggers</Filter>
    </ClInclude>
    <ClInclude Include="..\..\..\..\..\mini_hammer\Common\Triggers\Trigger_HealthGiver.h">
      <Filter>Classes\mini_hammer_Adapt\Common\Triggers</Filter>
    </ClInclude>
    <ClInclude Include="..\..\..\..\..\mini_hammer\Common\Triggers\TriggerSystem.h">
      <Filter>Classes\mini_hammer_Adapt\Common\Triggers</Filter>
    </ClInclude>
    <ClInclude Include="..\..\..\..\..\mini_hammer\Common\Time\Regulator.h">
      <Filter>Classes\mini_hammer_Adapt\Common\Time</Filter>
    </ClInclude>
    <ClInclude Include="..\..\..\..\..\mini_hammer\Common\GlobalVar.h">
      <Filter>Classes\mini_hammer_Adapt\Common</Filter>
    </ClInclude>
    <ClInclude Include="..\..\..\..\..\mini_hammer\Common\misc\autolist.h">
      <Filter>Classes\mini_hammer_Adapt\Common\misc</Filter>
    </ClInclude>
    <ClInclude Include="..\..\..\..\..\mini_hammer\Common\misc\CellSpacePartition.h">
      <Filter>Classes\mini_hammer_Adapt\Common\misc</Filter>
    </ClInclude>
    <ClInclude Include="..\..\..\..\..\mini_hammer\Common\misc\Cgdi.h">
      <Filter>Classes\mini_hammer_Adapt\Common\misc</Filter>
    </ClInclude>
    <ClInclude Include="..\..\..\..\..\mini_hammer\Common\misc\ConsoleUtils.h">
      <Filter>Classes\mini_hammer_Adapt\Common\misc</Filter>
    </ClInclude>
    <ClInclude Include="..\..\..\..\..\mini_hammer\Common\misc\FrameCounter.h">
      <Filter>Classes\mini_hammer_Adapt\Common\misc</Filter>
    </ClInclude>
    <ClInclude Include="..\..\..\..\..\mini_hammer\Common\misc\iniFileLoaderBase.h">
      <Filter>Classes\mini_hammer_Adapt\Common\misc</Filter>
    </ClInclude>
    <ClInclude Include="..\..\..\..\..\mini_hammer\Common\misc\PriorityQueue.h">
      <Filter>Classes\mini_hammer_Adapt\Common\misc</Filter>
    </ClInclude>
    <ClInclude Include="..\..\..\..\..\mini_hammer\Common\misc\Smoother.h">
      <Filter>Classes\mini_hammer_Adapt\Common\misc</Filter>
    </ClInclude>
    <ClInclude Include="..\..\..\..\..\mini_hammer\Common\misc\Stream_Utility_Functions.h">
      <Filter>Classes\mini_hammer_Adapt\Common\misc</Filter>
    </ClInclude>
    <ClInclude Include="..\..\..\..\..\mini_hammer\Common\misc\TypeToString.h">
      <Filter>Classes\mini_hammer_Adapt\Common\misc</Filter>
    </ClInclude>
    <ClInclude Include="..\..\..\..\..\mini_hammer\Common\misc\utils.h">
      <Filter>Classes\mini_hammer_Adapt\Common\misc</Filter>
    </ClInclude>
    <ClInclude Include="..\..\..\..\..\mini_hammer\Common\misc\WindowUtils.h">
      <Filter>Classes\mini_hammer_Adapt\Common\misc</Filter>
    </ClInclude>
    <ClInclude Include="..\Classes\GameLayer.h">
      <Filter>Classes</Filter>
    </ClInclude>
  </ItemGroup>
</Project>