<?xml version="1.0" encoding="utf-8"?>
<Project ToolsVersion="4.0" xmlns="http://schemas.microsoft.com/developer/msbuild/2003">
  <ItemGroup>
    <Filter Include="Source Files">
      <UniqueIdentifier>{4FC737F1-C7A5-4376-A066-2A32D752A2FF}</UniqueIdentifier>
      <Extensions>cpp;c;cc;cxx;def;odl;idl;hpj;bat;asm;asmx</Extensions>
    </Filter>
    <Filter Include="Header Files">
      <UniqueIdentifier>{93995380-89BD-4b04-88EB-625FBE52EBFB}</UniqueIdentifier>
      <Extensions>h;hpp;hxx;hm;inl;inc;xsd</Extensions>
    </Filter>
    <Filter Include="Resource Files">
      <UniqueIdentifier>{67DA6AB6-F800-4c08-8B7A-83BB121AAD01}</UniqueIdentifier>
      <Extensions>rc;ico;cur;bmp;dlg;rc2;rct;bin;rgs;gif;jpg;jpeg;jpe;resx;tiff;tif;png;wav;mfcribbon-ms</Extensions>
    </Filter>
    <Filter Include="Common">
      <UniqueIdentifier>{7e9d0814-4ca0-44a2-a403-f8df831744ee}</UniqueIdentifier>
    </Filter>
    <Filter Include="Common\Triggers">
      <UniqueIdentifier>{4a9ff781-aa93-4d8a-a758-8118c2793975}</UniqueIdentifier>
    </Filter>
    <Filter Include="Common\Game">
      <UniqueIdentifier>{48216458-ab79-42bb-b26c-67f93a80b7ba}</UniqueIdentifier>
    </Filter>
    <Filter Include="cocos2dx">
      <UniqueIdentifier>{53a35ba1-3da1-45b4-a531-506b26253482}</UniqueIdentifier>
    </Filter>
    <Filter Include="Common\Time">
      <UniqueIdentifier>{078aa432-3fb6-46b3-a143-c4ac5ea990b4}</UniqueIdentifier>
    </Filter>
    <Filter Include="Common\misc">
      <UniqueIdentifier>{e2c88048-c0ab-48a8-9959-6dcf83964dcf}</UniqueIdentifier>
    </Filter>
    <Filter Include="Common\2D">
      <UniqueIdentifier>{4c0e6e70-3172-41d1-b091-d9ee79c4ff50}</UniqueIdentifier>
    </Filter>
  </ItemGroup>
  <ItemGroup>
    <None Include="ReadMe.txt" />
    <None Include="UserImages.bmp">
      <Filter>Resource Files</Filter>
    </None>
    <None Include="res\mini_hammer.rc2">
      <Filter>Resource Files</Filter>
    </None>
    <None Include="res\mini_hammerDoc.ico">
      <Filter>Resource Files</Filter>
    </None>
    <None Include="res\mini_hammer.ico">
      <Filter>Resource Files</Filter>
    </None>
    <None Include="res\Toolbar.bmp">
      <Filter>Resource Files</Filter>
    </None>
    <None Include="res\Toolbar256.bmp">
      <Filter>Resource Files</Filter>
    </None>
    <None Include="res\toolbar1.bmp">
      <Filter>Resource Files</Filter>
    </None>
  </ItemGroup>
  <ItemGroup>
    <ClInclude Include="mini_hammer.h">
      <Filter>Header Files</Filter>
    </ClInclude>
    <ClInclude Include="stdafx.h">
      <Filter>Header Files</Filter>
    </ClInclude>
    <ClInclude Include="targetver.h">
      <Filter>Header Files</Filter>
    </ClInclude>
    <ClInclude Include="MainFrm.h">
      <Filter>Header Files</Filter>
    </ClInclude>
    <ClInclude Include="mini_hammerDoc.h">
      <Filter>Header Files</Filter>
    </ClInclude>
    <ClInclude Include="mini_hammerView.h">
      <Filter>Header Files</Filter>
    </ClInclude>
    <ClInclude Include="Resource.h">
      <Filter>Header Files</Filter>
    </ClInclude>
    <ClInclude Include="..\Common\Triggers\Trigger.h">
      <Filter>Common\Triggers</Filter>
    </ClInclude>
    <ClInclude Include="..\Common\Game\Vehicle.h">
      <Filter>Common\Game</Filter>
    </ClInclude>
    <ClInclude Include="..\Common\Game\BaseEntity.h">
      <Filter>Common\Game</Filter>
    </ClInclude>
    <ClInclude Include="..\Common\Game\MovingEntity.h">
      <Filter>Common\Game</Filter>
    </ClInclude>
    <ClInclude Include="..\Common\Game\GameWorld.h">
      <Filter>Common\Game</Filter>
    </ClInclude>
    <ClInclude Include="..\cocos2dx\AppDelegate.h">
      <Filter>cocos2dx</Filter>
    </ClInclude>
    <ClInclude Include="..\cocos2dx\AppMacros.h">
      <Filter>cocos2dx</Filter>
    </ClInclude>
    <ClInclude Include="..\cocos2dx\EditLayer.h">
      <Filter>cocos2dx</Filter>
    </ClInclude>
    <ClInclude Include="..\Common\GlobalVar.h">
      <Filter>Header Files</Filter>
    </ClInclude>
    <ClInclude Include="..\cocos2dx\SimulationLayer.h">
      <Filter>cocos2dx</Filter>
    </ClInclude>
    <ClInclude Include="..\Common\Triggers\Trigger_HealthGiver.h">
      <Filter>Common\Triggers</Filter>
    </ClInclude>
    <ClInclude Include="..\Common\Triggers\TriggerSystem.h">
      <Filter>Common\Triggers</Filter>
    </ClInclude>
    <ClInclude Include="..\Common\Time\Regulator.h">
      <Filter>Common\Time</Filter>
    </ClInclude>
    <ClInclude Include="VehicleDialog.h">
      <Filter>Header Files</Filter>
    </ClInclude>
    <ClInclude Include="WeaponDialog.h">
      <Filter>Header Files</Filter>
    </ClInclude>
    <ClInclude Include="ProjectileDialog.h">
      <Filter>Header Files</Filter>
    </ClInclude>
    <ClInclude Include="ValueSetDialog.h">
      <Filter>Header Files</Filter>
    </ClInclude>
    <ClInclude Include="AIDialog.h">
      <Filter>Header Files</Filter>
    </ClInclude>
    <ClInclude Include="CbehaviorView.h">
      <Filter>Header Files</Filter>
    </ClInclude>
    <ClInclude Include="CmediaView.h">
      <Filter>Header Files</Filter>
    </ClInclude>
    <ClInclude Include="..\Common\misc\autolist.h">
      <Filter>Common\misc</Filter>
    </ClInclude>
    <ClInclude Include="..\Common\misc\CellSpacePartition.h">
      <Filter>Common\misc</Filter>
    </ClInclude>
    <ClInclude Include="..\Common\misc\Cgdi.h">
      <Filter>Common\misc</Filter>
    </ClInclude>
    <ClInclude Include="..\Common\misc\ConsoleUtils.h">
      <Filter>Common\misc</Filter>
    </ClInclude>
    <ClInclude Include="..\Common\misc\FrameCounter.h">
      <Filter>Common\misc</Filter>
    </ClInclude>
    <ClInclude Include="..\Common\misc\iniFileLoaderBase.h">
      <Filter>Common\misc</Filter>
    </ClInclude>
    <ClInclude Include="..\Common\misc\PriorityQueue.h">
      <Filter>Common\misc</Filter>
    </ClInclude>
    <ClInclude Include="..\Common\misc\Smoother.h">
      <Filter>Common\misc</Filter>
    </ClInclude>
    <ClInclude Include="..\Common\misc\Stream_Utility_Functions.h">
      <Filter>Common\misc</Filter>
    </ClInclude>
    <ClInclude Include="..\Common\misc\TypeToString.h">
      <Filter>Common\misc</Filter>
    </ClInclude>
    <ClInclude Include="..\Common\misc\utils.h">
      <Filter>Common\misc</Filter>
    </ClInclude>
    <ClInclude Include="..\Common\misc\WindowUtils.h">
      <Filter>Common\misc</Filter>
    </ClInclude>
    <ClInclude Include="..\Common\2D\C2DMatrix.h">
      <Filter>Common\2D</Filter>
    </ClInclude>
    <ClInclude Include="..\Common\2D\geometry.h">
      <Filter>Common\2D</Filter>
    </ClInclude>
    <ClInclude Include="..\Common\2D\InvertedAABBox2D.h">
      <Filter>Common\2D</Filter>
    </ClInclude>
    <ClInclude Include="..\Common\2D\Transformations.h">
      <Filter>Common\2D</Filter>
    </ClInclude>
    <ClInclude Include="..\Common\2D\Vector2D.h">
      <Filter>Common\2D</Filter>
    </ClInclude>
    <ClInclude Include="..\Common\2D\Wall2D.h">
      <Filter>Common\2D</Filter>
    </ClInclude>
    <ClInclude Include="..\Common\2D\WallIntersectionTests.h">
      <Filter>Common\2D</Filter>
    </ClInclude>
  </ItemGroup>
  <ItemGroup>
    <ClCompile Include="mini_hammer.cpp">
      <Filter>Source Files</Filter>
    </ClCompile>
    <ClCompile Include="stdafx.cpp">
      <Filter>Source Files</Filter>
    </ClCompile>
    <ClCompile Include="MainFrm.cpp">
      <Filter>Source Files</Filter>
    </ClCompile>
    <ClCompile Include="mini_hammerDoc.cpp">
      <Filter>Source Files</Filter>
    </ClCompile>
    <ClCompile Include="mini_hammerView.cpp">
      <Filter>Source Files</Filter>
    </ClCompile>
    <ClCompile Include="..\Common\Game\Vehicle.cpp">
      <Filter>Common\Game</Filter>
    </ClCompile>
    <ClCompile Include="..\Common\Game\BaseEntity.cpp">
      <Filter>Common\Game</Filter>
    </ClCompile>
    <ClCompile Include="..\Common\Game\MovingEntity.cpp">
      <Filter>Common\Game</Filter>
    </ClCompile>
    <ClCompile Include="..\Common\Game\GameWorld.cpp">
      <Filter>Common\Game</Filter>
    </ClCompile>
    <ClCompile Include="..\cocos2dx\AppDelegate.cpp">
      <Filter>cocos2dx</Filter>
    </ClCompile>
    <ClCompile Include="..\cocos2dx\EditLayer.cpp">
      <Filter>cocos2dx</Filter>
    </ClCompile>
    <ClCompile Include="..\Common\GlobalVar.cpp">
      <Filter>Source Files</Filter>
    </ClCompile>
    <ClCompile Include="..\cocos2dx\SimulationLayer.cpp">
      <Filter>cocos2dx</Filter>
    </ClCompile>
    <ClCompile Include="..\Common\Triggers\Trigger_HealthGiver.cpp">
      <Filter>Common\Triggers</Filter>
    </ClCompile>
    <ClCompile Include="..\Common\Triggers\TriggerSystem.cpp">
      <Filter>Common\Triggers</Filter>
    </ClCompile>
    <ClCompile Include="..\Common\Time\Regulator.cpp">
      <Filter>Common\Time</Filter>
    </ClCompile>
    <ClCompile Include="VehicleDialog.cpp">
      <Filter>Source Files</Filter>
    </ClCompile>
    <ClCompile Include="WeaponDialog.cpp">
      <Filter>Source Files</Filter>
    </ClCompile>
    <ClCompile Include="ProjectileDialog.cpp">
      <Filter>Source Files</Filter>
    </ClCompile>
    <ClCompile Include="ValueSetDialog.cpp">
      <Filter>Source Files</Filter>
    </ClCompile>
    <ClCompile Include="AIDialog.cpp">
      <Filter>Source Files</Filter>
    </ClCompile>
    <ClCompile Include="CbehaviorView.cpp">
      <Filter>Source Files</Filter>
    </ClCompile>
    <ClCompile Include="CmediaView.cpp">
      <Filter>Source Files</Filter>
    </ClCompile>
    <ClCompile Include="..\Common\misc\Cgdi.cpp">
      <Filter>Common\misc</Filter>
    </ClCompile>
    <ClCompile Include="..\Common\misc\FrameCounter.cpp">
      <Filter>Common\misc</Filter>
    </ClCompile>
    <ClCompile Include="..\Common\misc\iniFileLoaderBase.cpp">
      <Filter>Common\misc</Filter>
    </ClCompile>
    <ClCompile Include="..\Common\misc\WindowUtils.cpp">
      <Filter>Common\misc</Filter>
    </ClCompile>
    <ClCompile Include="..\Common\2D\Vector2d.cpp">
      <Filter>Common\2D</Filter>
    </ClCompile>
  </ItemGroup>
  <ItemGroup>
    <ResourceCompile Include="mini_hammer.rc">
      <Filter>Resource Files</Filter>
    </ResourceCompile>
  </ItemGroup>
</Project>